
Microsoft Visual Studio Solution File, Format Version 12.00
# Visual Studio Version 17
VisualStudioVersion = 17.14.36301.6 d17.14
MinimumVisualStudioVersion = 10.0.40219.1
Project("{FAE04EC0-301F-11D3-BF4B-00C04F79EFBC}") = "RoguebloxBuilder", "RoguebloxBuilder\RoguebloxBuilder\RoguebloxBuilder.csproj", "{C335AC51-4F87-411B-AEA3-25804E29E769}"
EndProject
Project("{FAE04EC0-301F-11D3-BF4B-00C04F79EFBC}") = "RoguebloxBuilder.Client", "RoguebloxBuilder\RoguebloxBuilder.Client\RoguebloxBuilder.Client.csproj", "{68AE81D5-BFD9-4997-B925-E734E2062F20}"
EndProject
Global
	GlobalSection(SolutionConfigurationPlatforms) = preSolution
		Debug|Any CPU = Debug|Any CPU
		Release|Any CPU = Release|Any CPU
	EndGlobalSection
	GlobalSection(ProjectConfigurationPlatforms) = postSolution
		{C335AC51-4F87-411B-AEA3-25804E29E769}.Debug|Any CPU.ActiveCfg = Debug|Any CPU
		{C335AC51-4F87-411B-AEA3-25804E29E769}.Debug|Any CPU.Build.0 = Debug|Any CPU
		{C335AC51-4F87-411B-AEA3-25804E29E769}.Release|Any CPU.ActiveCfg = Release|Any CPU
		{C335AC51-4F87-411B-AEA3-25804E29E769}.Release|Any CPU.Build.0 = Release|Any CPU
		{68AE81D5-BFD9-4997-B925-E734E2062F20}.Debug|Any CPU.ActiveCfg = Debug|Any CPU
		{68AE81D5-BFD9-4997-B925-E734E2062F20}.Debug|Any CPU.Build.0 = Debug|Any CPU
		{68AE81D5-BFD9-4997-B925-E734E2062F20}.Release|Any CPU.ActiveCfg = Release|Any CPU
		{68AE81D5-BFD9-4997-B925-E734E2062F20}.Release|Any CPU.Build.0 = Release|Any CPU
	EndGlobalSection
	GlobalSection(SolutionProperties) = preSolution
		HideSolutionNode = FALSE
	EndGlobalSection
	GlobalSection(ExtensibilityGlobals) = postSolution
		SolutionGuid = {C4843FFA-EB51-4658-85E6-0B11F0222C79}
	EndGlobalSection
EndGlobal
